
Microsoft Visual Studio Solution File, Format Version 12.00
# Visual Studio Version 16
VisualStudioVersion = 16.0.31729.503
MinimumVisualStudioVersion = 10.0.40219.1
Project("{FAE04EC0-301F-11D3-BF4B-00C04F79EFBC}") = "Hangman", "Hangman.csproj", "{FA3C50AF-4DBC-4BC6-BFE1-37DE561C12F0}"
EndProject
Global
	GlobalSection(SolutionConfigurationPlatforms) = preSolution
		Debug|Any CPU = Debug|Any CPU
		Release|Any CPU = Release|Any CPU
	EndGlobalSection
	GlobalSection(ProjectConfigurationPlatforms) = postSolution
		{FA3C50AF-4DBC-4BC6-BFE1-37DE561C12F0}.Debug|Any CPU.ActiveCfg = Debug|Any CPU
		{FA3C50AF-4DBC-4BC6-BFE1-37DE561C12F0}.Debug|Any CPU.Build.0 = Debug|Any CPU
		{FA3C50AF-4DBC-4BC6-BFE1-37DE561C12F0}.Release|Any CPU.ActiveCfg = Release|Any CPU
		{FA3C50AF-4DBC-4BC6-BFE1-37DE561C12F0}.Release|Any CPU.Build.0 = Release|Any CPU
	EndGlobalSection
	GlobalSection(SolutionProperties) = preSolution
		HideSolutionNode = FALSE
	EndGlobalSection
	GlobalSection(ExtensibilityGlobals) = postSolution
		SolutionGuid = {ECB40CCC-7C16-405A-A9FA-EF0036B69F0A}
	EndGlobalSection
EndGlobal
